// !$*UTF8*$!
{
	archiveVersion = 1;
	classes = {
	};
	objectVersion = 46;
	objects = {

/* Begin PBXBuildFile section */
		C4AEA5971D4755BA0074EEF5 /* main.m in Sources */ = {isa = PBXBuildFile; fileRef = C4AEA5961D4755BA0074EEF5 /* main.m */; };
		C4AEA59A1D4755BA0074EEF5 /* AppDelegate.m in Sources */ = {isa = PBXBuildFile; fileRef = C4AEA5991D4755BA0074EEF5 /* AppDelegate.m */; };
		C4AEA5A21D4755BA0074EEF5 /* Assets.xcassets in Resources */ = {isa = PBXBuildFile; fileRef = C4AEA5A11D4755BA0074EEF5 /* Assets.xcassets */; };
		C4AEA5A51D4755BA0074EEF5 /* LaunchScreen.storyboard in Resources */ = {isa = PBXBuildFile; fileRef = C4AEA5A31D4755BA0074EEF5 /* LaunchScreen.storyboard */; };
		C4AEA5B01D4755BB0074EEF5 /* LsTableViewTests.m in Sources */ = {isa = PBXBuildFile; fileRef = C4AEA5AF1D4755BB0074EEF5 /* LsTableViewTests.m */; };
		C4AEA5BB1D4755BB0074EEF5 /* LsTableViewUITests.m in Sources */ = {isa = PBXBuildFile; fileRef = C4AEA5BA1D4755BB0074EEF5 /* LsTableViewUITests.m */; };
		C4AEA5CA1D4757860074EEF5 /* LsMainViewController.m in Sources */ = {isa = PBXBuildFile; fileRef = C4AEA5C91D4757860074EEF5 /* LsMainViewController.m */; };
		C4AEA5CD1D475D570074EEF5 /* LsMainTableViewCell.m in Sources */ = {isa = PBXBuildFile; fileRef = C4AEA5CC1D475D570074EEF5 /* LsMainTableViewCell.m */; };
/* End PBXBuildFile section */

/* Begin PBXContainerItemProxy section */
		C4AEA5AC1D4755BB0074EEF5 /* PBXContainerItemProxy */ = {
			isa = PBXContainerItemProxy;
			containerPortal = C4AEA58A1D4755BA0074EEF5 /* Project object */;
			proxyType = 1;
			remoteGlobalIDString = C4AEA5911D4755BA0074EEF5;
			remoteInfo = LsTableView;
		};
		C4AEA5B71D4755BB0074EEF5 /* PBXContainerItemProxy */ = {
			isa = PBXContainerItemProxy;
			containerPortal = C4AEA58A1D4755BA0074EEF5 /* Project object */;
			proxyType = 1;
			remoteGlobalIDString = C4AEA5911D4755BA0074EEF5;
			remoteInfo = LsTableView;
		};
/* End PBXContainerItemProxy section */

/* Begin PBXFileReference section */
		C4AEA5921D4755BA0074EEF5 /* LsTableView.app */ = {isa = PBXFileReference; explicitFileType = wrapper.application; includeInIndex = 0; path = LsTableView.app; sourceTree = BUILT_PRODUCTS_DIR; };
		C4AEA5961D4755BA0074EEF5 /* main.m */ = {isa = PBXFileReference; lastKnownFileType = sourcecode.c.objc; path = main.m; sourceTree = "<group>"; };
		C4AEA5981D4755BA0074EEF5 /* AppDelegate.h */ = {isa = PBXFileReference; lastKnownFileType = sourcecode.c.h; path = AppDelegate.h; sourceTree = "<group>"; };
		C4AEA5991D4755BA0074EEF5 /* AppDelegate.m */ = {isa = PBXFileReference; lastKnownFileType = sourcecode.c.objc; path = AppDelegate.m; sourceTree = "<group>"; };
		C4AEA5A11D4755BA0074EEF5 /* Assets.xcassets */ = {isa = PBXFileReference; lastKnownFileType = folder.assetcatalog; path = Assets.xcassets; sourceTree = "<group>"; };
		C4AEA5A41D4755BA0074EEF5 /* Base */ = {isa = PBXFileReference; lastKnownFileType = file.storyboard; name = Base; path = Base.lproj/LaunchScreen.storyboard; sourceTree = "<group>"; };
		C4AEA5A61D4755BA0074EEF5 /* Info.plist */ = {isa = PBXFileReference; lastKnownFileType = text.plist.xml; path = Info.plist; sourceTree = "<group>"; };
		C4AEA5AB1D4755BB0074EEF5 /* LsTableViewTests.xctest */ = {isa = PBXFileReference; explicitFileType = wrapper.cfbundle; includeInIndex = 0; path = LsTableViewTests.xctest; sourceTree = BUILT_PRODUCTS_DIR; };
		C4AEA5AF1D4755BB0074EEF5 /* LsTableViewTests.m */ = {isa = PBXFileReference; lastKnownFileType = sourcecode.c.objc; path = LsTableViewTests.m; sourceTree = "<group>"; };
		C4AEA5B11D4755BB0074EEF5 /* Info.plist */ = {isa = PBXFileReference; lastKnownFileType = text.plist.xml; path = Info.plist; sourceTree = "<group>"; };
		C4AEA5B61D4755BB0074EEF5 /* LsTableViewUITests.xctest */ = {isa = PBXFileReference; explicitFileType = wrapper.cfbundle; includeInIndex = 0; path = LsTableViewUITests.xctest; sourceTree = BUILT_PRODUCTS_DIR; };
		C4AEA5BA1D4755BB0074EEF5 /* LsTableViewUITests.m */ = {isa = PBXFileReference; lastKnownFileType = sourcecode.c.objc; path = LsTableViewUITests.m; sourceTree = "<group>"; };
		C4AEA5BC1D4755BB0074EEF5 /* Info.plist */ = {isa = PBXFileReference; lastKnownFileType = text.plist.xml; path = Info.plist; sourceTree = "<group>"; };
		C4AEA5C81D4757860074EEF5 /* LsMainViewController.h */ = {isa = PBXFileReference; fileEncoding = 4; lastKnownFileType = sourcecode.c.h; path = LsMainViewController.h; sourceTree = "<group>"; };
		C4AEA5C91D4757860074EEF5 /* LsMainViewController.m */ = {isa = PBXFileReference; fileEncoding = 4; lastKnownFileType = sourcecode.c.objc; path = LsMainViewController.m; sourceTree = "<group>"; };
		C4AEA5CB1D475D570074EEF5 /* LsMainTableViewCell.h */ = {isa = PBXFileReference; fileEncoding = 4; lastKnownFileType = sourcecode.c.h; path = LsMainTableViewCell.h; sourceTree = "<group>"; };
		C4AEA5CC1D475D570074EEF5 /* LsMainTableViewCell.m */ = {isa = PBXFileReference; fileEncoding = 4; lastKnownFileType = sourcecode.c.objc; path = LsMainTableViewCell.m; sourceTree = "<group>"; };
/* End PBXFileReference section */

/* Begin PBXFrameworksBuildPhase section */
		C4AEA58F1D4755BA0074EEF5 /* Frameworks */ = {
			isa = PBXFrameworksBuildPhase;
			buildActionMask = 2147483647;
			files = (
			);
			runOnlyForDeploymentPostprocessing = 0;
		};
		C4AEA5A81D4755BB0074EEF5 /* Frameworks */ = {
			isa = PBXFrameworksBuildPhase;
			buildActionMask = 2147483647;
			files = (
			);
			runOnlyForDeploymentPostprocessing = 0;
		};
		C4AEA5B31D4755BB0074EEF5 /* Frameworks */ = {
			isa = PBXFrameworksBuildPhase;
			buildActionMask = 2147483647;
			files = (
			);
			runOnlyForDeploymentPostprocessing = 0;
		};
/* End PBXFrameworksBuildPhase section */

/* Begin PBXGroup section */
		C4AEA5891D4755BA0074EEF5 = {
			isa = PBXGroup;
			children = (
				C4AEA5941D4755BA0074EEF5 /* LsTableView */,
				C4AEA5AE1D4755BB0074EEF5 /* LsTableViewTests */,
				C4AEA5B91D4755BB0074EEF5 /* LsTableViewUITests */,
				C4AEA5931D4755BA0074EEF5 /* Products */,
			);
			sourceTree = "<group>";
		};
		C4AEA5931D4755BA0074EEF5 /* Products */ = {
			isa = PBXGroup;
			children = (
				C4AEA5921D4755BA0074EEF5 /* LsTableView.app */,
				C4AEA5AB1D4755BB0074EEF5 /* LsTableViewTests.xctest */,
				C4AEA5B61D4755BB0074EEF5 /* LsTableViewUITests.xctest */,
			);
			name = Products;
			sourceTree = "<group>";
		};
		C4AEA5941D4755BA0074EEF5 /* LsTableView */ = {
			isa = PBXGroup;
			children = (
				C4AEA5981D4755BA0074EEF5 /* AppDelegate.h */,
				C4AEA5991D4755BA0074EEF5 /* AppDelegate.m */,
				C4AEA5C81D4757860074EEF5 /* LsMainViewController.h */,
				C4AEA5C91D4757860074EEF5 /* LsMainViewController.m */,
				C4AEA5CB1D475D570074EEF5 /* LsMainTableViewCell.h */,
				C4AEA5CC1D475D570074EEF5 /* LsMainTableViewCell.m */,
				C4AEA5A11D4755BA0074EEF5 /* Assets.xcassets */,
				C4AEA5A31D4755BA0074EEF5 /* LaunchScreen.storyboard */,
				C4AEA5A61D4755BA0074EEF5 /* Info.plist */,
				C4AEA5951D4755BA0074EEF5 /* Supporting Files */,
			);
			path = LsTableView;
			sourceTree = "<group>";
		};
		C4AEA5951D4755BA0074EEF5 /* Supporting Files */ = {
			isa = PBXGroup;
			children = (
				C4AEA5961D4755BA0074EEF5 /* main.m */,
			);
			name = "Supporting Files";
			sourceTree = "<group>";
		};
		C4AEA5AE1D4755BB0074EEF5 /* LsTableViewTests */ = {
			isa = PBXGroup;
			children = (
				C4AEA5AF1D4755BB0074EEF5 /* LsTableViewTests.m */,
				C4AEA5B11D4755BB0074EEF5 /* Info.plist */,
			);
			path = LsTableViewTests;
			sourceTree = "<group>";
		};
		C4AEA5B91D4755BB0074EEF5 /* LsTableViewUITests */ = {
			isa = PBXGroup;
			children = (
				C4AEA5BA1D4755BB0074EEF5 /* LsTableViewUITests.m */,
				C4AEA5BC1D4755BB0074EEF5 /* Info.plist */,
			);
			path = LsTableViewUITests;
			sourceTree = "<group>";
		};
/* End PBXGroup section */

/* Begin PBXNativeTarget section */
		C4AEA5911D4755BA0074EEF5 /* LsTableView */ = {
			isa = PBXNativeTarget;
			buildConfigurationList = C4AEA5BF1D4755BB0074EEF5 /* Build configuration list for PBXNativeTarget "LsTableView" */;
			buildPhases = (
				C4AEA58E1D4755BA0074EEF5 /* Sources */,
				C4AEA58F1D4755BA0074EEF5 /* Frameworks */,
				C4AEA5901D4755BA0074EEF5 /* Resources */,
			);
			buildRules = (
			);
			dependencies = (
			);
			name = LsTableView;
			productName = LsTableView;
			productReference = C4AEA5921D4755BA0074EEF5 /* LsTableView.app */;
			productType = "com.apple.product-type.application";
		};
		C4AEA5AA1D4755BB0074EEF5 /* LsTableViewTests */ = {
			isa = PBXNativeTarget;
			buildConfigurationList = C4AEA5C21D4755BB0074EEF5 /* Build configuration list for PBXNativeTarget "LsTableViewTests" */;
			buildPhases = (
				C4AEA5A71D4755BB0074EEF5 /* Sources */,
				C4AEA5A81D4755BB0074EEF5 /* Frameworks */,
				C4AEA5A91D4755BB0074EEF5 /* Resources */,
			);
			buildRules = (
			);
			dependencies = (
				C4AEA5AD1D4755BB0074EEF5 /* PBXTargetDependency */,
			);
			name = LsTableViewTests;
			productName = LsTableViewTests;
			productReference = C4AEA5AB1D4755BB0074EEF5 /* LsTableViewTests.xctest */;
			productType = "com.apple.product-type.bundle.unit-test";
		};
		C4AEA5B51D4755BB0074EEF5 /* LsTableViewUITests */ = {
			isa = PBXNativeTarget;
			buildConfigurationList = C4AEA5C51D4755BB0074EEF5 /* Build configuration list for PBXNativeTarget "LsTableViewUITests" */;
			buildPhases = (
				C4AEA5B21D4755BB0074EEF5 /* Sources */,
				C4AEA5B31D4755BB0074EEF5 /* Frameworks */,
				C4AEA5B41D4755BB0074EEF5 /* Resources */,
			);
			buildRules = (
			);
			dependencies = (
				C4AEA5B81D4755BB0074EEF5 /* PBXTargetDependency */,
			);
			name = LsTableViewUITests;
			productName = LsTableViewUITests;
			productReference = C4AEA5B61D4755BB0074EEF5 /* LsTableViewUITests.xctest */;
			productType = "com.apple.product-type.bundle.ui-testing";
		};
/* End PBXNativeTarget section */

/* Begin PBXProject section */
		C4AEA58A1D4755BA0074EEF5 /* Project object */ = {
			isa = PBXProject;
			attributes = {
				LastUpgradeCheck = 0720;
				ORGANIZATIONNAME = Ls;
				TargetAttributes = {
					C4AEA5911D4755BA0074EEF5 = {
						CreatedOnToolsVersion = 7.2.1;
					};
					C4AEA5AA1D4755BB0074EEF5 = {
						CreatedOnToolsVersion = 7.2.1;
						TestTargetID = C4AEA5911D4755BA0074EEF5;
					};
					C4AEA5B51D4755BB0074EEF5 = {
						CreatedOnToolsVersion = 7.2.1;
						TestTargetID = C4AEA5911D4755BA0074EEF5;
					};
				};
			};
			buildConfigurationList = C4AEA58D1D4755BA0074EEF5 /* Build configuration list for PBXProject "LsTableView" */;
			compatibilityVersion = "Xcode 3.2";
			developmentRegion = English;
			hasScannedForEncodings = 0;
			knownRegions = (
				en,
				Base,
			);
			mainGroup = C4AEA5891D4755BA0074EEF5;
			productRefGroup = C4AEA5931D4755BA0074EEF5 /* Products */;
			projectDirPath = "";
			projectRoot = "";
			targets = (
				C4AEA5911D4755BA0074EEF5 /* LsTableView */,
				C4AEA5AA1D4755BB0074EEF5 /* LsTableViewTests */,
				C4AEA5B51D4755BB0074EEF5 /* LsTableViewUITests */,
			);
		};
/* End PBXProject section */

/* Begin PBXResourcesBuildPhase section */
		C4AEA5901D4755BA0074EEF5 /* Resources */ = {
			isa = PBXResourcesBuildPhase;
			buildActionMask = 2147483647;
			files = (
				C4AEA5A51D4755BA0074EEF5 /* LaunchScreen.storyboard in Resources */,
				C4AEA5A21D4755BA0074EEF5 /* Assets.xcassets in Resources */,
			);
			runOnlyForDeploymentPostprocessing = 0;
		};
		C4AEA5A91D4755BB0074EEF5 /* Resources */ = {
			isa = PBXResourcesBuildPhase;
			buildActionMask = 2147483647;
			files = (
			);
			runOnlyForDeploymentPostprocessing = 0;
		};
		C4AEA5B41D4755BB0074EEF5 /* Resources */ = {
			isa = PBXResourcesBuildPhase;
			buildActionMask = 2147483647;
			files = (
			);
			runOnlyForDeploymentPostprocessing = 0;
		};
/* End PBXResourcesBuildPhase section */

/* Begin PBXSourcesBuildPhase section */
		C4AEA58E1D4755BA0074EEF5 /* Sources */ = {
			isa = PBXSourcesBuildPhase;
			buildActionMask = 2147483647;
			files = (
				C4AEA59A1D4755BA0074EEF5 /* AppDelegate.m in Sources */,
				C4AEA5971D4755BA0074EEF5 /* main.m in Sources */,
				C4AEA5CA1D4757860074EEF5 /* LsMainViewController.m in Sources */,
				C4AEA5CD1D475D570074EEF5 /* LsMainTableViewCell.m in Sources */,
			);
			runOnlyForDeploymentPostprocessing = 0;
		};
		C4AEA5A71D4755BB0074EEF5 /* Sources */ = {
			isa = PBXSourcesBuildPhase;
			buildActionMask = 2147483647;
			files = (
				C4AEA5B01D4755BB0074EEF5 /* LsTableViewTests.m in Sources */,
			);
			runOnlyForDeploymentPostprocessing = 0;
		};
		C4AEA5B21D4755BB0074EEF5 /* Sources */ = {
			isa = PBXSourcesBuildPhase;
			buildActionMask = 2147483647;
			files = (
				C4AEA5BB1D4755BB0074EEF5 /* LsTableViewUITests.m in Sources */,
			);
			runOnlyForDeploymentPostprocessing = 0;
		};
/* End PBXSourcesBuildPhase section */

/* Begin PBXTargetDependency section */
		C4AEA5AD1D4755BB0074EEF5 /* PBXTargetDependency */ = {
			isa = PBXTargetDependency;
			target = C4AEA5911D4755BA0074EEF5 /* LsTableView */;
			targetProxy = C4AEA5AC1D4755BB0074EEF5 /* PBXContainerItemProxy */;
		};
		C4AEA5B81D4755BB0074EEF5 /* PBXTargetDependency */ = {
			isa = PBXTargetDependency;
			target = C4AEA5911D4755BA0074EEF5 /* LsTableView */;
			targetProxy = C4AEA5B71D4755BB0074EEF5 /* PBXContainerItemProxy */;
		};
/* End PBXTargetDependency section */

/* Begin PBXVariantGroup section */
		C4AEA5A31D4755BA0074EEF5 /* LaunchScreen.storyboard */ = {
			isa = PBXVariantGroup;
			children = (
				C4AEA5A41D4755BA0074EEF5 /* Base */,
			);
			name = LaunchScreen.storyboard;
			sourceTree = "<group>";
		};
/* End PBXVariantGroup section */

/* Begin XCBuildConfiguration section */
		C4AEA5BD1D4755BB0074EEF5 /* Debug */ = {
			isa = XCBuildConfiguration;
			buildSettings = {
				ALWAYS_SEARCH_USER_PATHS = NO;
				CLANG_CXX_LANGUAGE_STANDARD = "gnu++0x";
				CLANG_CXX_LIBRARY = "libc++";
				CLANG_ENABLE_MODULES = YES;
				CLANG_ENABLE_OBJC_ARC = YES;
				CLANG_WARN_BOOL_CONVERSION = YES;
				CLANG_WARN_CONSTANT_CONVERSION = YES;
				CLANG_WARN_DIRECT_OBJC_ISA_USAGE = YES_ERROR;
				CLANG_WARN_EMPTY_BODY = YES;
				CLANG_WARN_ENUM_CONVERSION = YES;
				CLANG_WARN_INT_CONVERSION = YES;
				CLANG_WARN_OBJC_ROOT_CLASS = YES_ERROR;
				CLANG_WARN_UNREACHABLE_CODE = YES;
				CLANG_WARN__DUPLICATE_METHOD_MATCH = YES;
				"CODE_SIGN_IDENTITY[sdk=iphoneos*]" = "iPhone Developer";
				COPY_PHASE_STRIP = NO;
				DEBUG_INFORMATION_FORMAT = dwarf;
				ENABLE_STRICT_OBJC_MSGSEND = YES;
				ENABLE_TESTABILITY = YES;
				GCC_C_LANGUAGE_STANDARD = gnu99;
				GCC_DYNAMIC_NO_PIC = NO;
				GCC_NO_COMMON_BLOCKS = YES;
				GCC_OPTIMIZATION_LEVEL = 0;
				GCC_PREPROCESSOR_DEFINITIONS = (
					"DEBUG=1",
					"$(inherited)",
				);
				GCC_WARN_64_TO_32_BIT_CONVERSION = YES;
				GCC_WARN_ABOUT_RETURN_TYPE = YES_ERROR;
				GCC_WARN_UNDECLARED_SELECTOR = YES;
				GCC_WARN_UNINITIALIZED_AUTOS = YES_AGGRESSIVE;
				GCC_WARN_UNUSED_FUNCTION = YES;
				GCC_WARN_UNUSED_VARIABLE = YES;
				IPHONEOS_DEPLOYMENT_TARGET = 9.2;
				MTL_ENABLE_DEBUG_INFO = YES;
				ONLY_ACTIVE_ARCH = YES;
				SDKROOT = iphoneos;
			};
			name = Debug;
		};
		C4AEA5BE1D4755BB0074EEF5 /* Release */ = {
			isa = XCBuildConfiguration;
			buildSettings = {
				ALWAYS_SEARCH_USER_PATHS = NO;
				CLANG_CXX_LANGUAGE_STANDARD = "gnu++0x";
				CLANG_CXX_LIBRARY = "libc++";
				CLANG_ENABLE_MODULES = YES;
				CLANG_ENABLE_OBJC_ARC = YES;
				CLANG_WARN_BOOL_CONVERSION = YES;
				CLANG_WARN_CONSTANT_CONVERSION = YES;
				CLANG_WARN_DIRECT_OBJC_ISA_USAGE = YES_ERROR;
				CLANG_WARN_EMPTY_BODY = YES;
				CLANG_WARN_ENUM_CONVERSION = YES;
				CLANG_WARN_INT_CONVERSION = YES;
				CLANG_WARN_OBJC_ROOT_CLASS = YES_ERROR;
				CLANG_WARN_UNREACHABLE_CODE = YES;
				CLANG_WARN__DUPLICATE_METHOD_MATCH = YES;
				"CODE_SIGN_IDENTITY[sdk=iphoneos*]" = "iPhone Developer";
				COPY_PHASE_STRIP = NO;
				DEBUG_INFORMATION_FORMAT = "dwarf-with-dsym";
				ENABLE_NS_ASSERTIONS = NO;
				ENABLE_STRICT_OBJC_MSGSEND = YES;
				GCC_C_LANGUAGE_STANDARD = gnu99;
				GCC_NO_COMMON_BLOCKS = YES;
				GCC_WARN_64_TO_32_BIT_CONVERSION = YES;
				GCC_WARN_ABOUT_RETURN_TYPE = YES_ERROR;
				GCC_WARN_UNDECLARED_SELECTOR = YES;
				GCC_WARN_UNINITIALIZED_AUTOS = YES_AGGRESSIVE;
				GCC_WARN_UNUSED_FUNCTION = YES;
				GCC_WARN_UNUSED_VARIABLE = YES;
				IPHONEOS_DEPLOYMENT_TARGET = 9.2;
				MTL_ENABLE_DEBUG_INFO = NO;
				SDKROOT = iphoneos;
				VALIDATE_PRODUCT = YES;
			};
			name = Release;
		};
		C4AEA5C01D4755BB0074EEF5 /* Debug */ = {
			isa = XCBuildConfiguration;
			buildSettings = {
				ASSETCATALOG_COMPILER_APPICON_NAME = AppIcon;
				INFOPLIST_FILE = LsTableView/Info.plist;
				IPHONEOS_DEPLOYMENT_TARGET = 8.0;
				LD_RUNPATH_SEARCH_PATHS = "$(inherited) @executable_path/Frameworks";
				PRODUCT_BUNDLE_IDENTIFIER = com.gtq.LsTableView;
				PRODUCT_NAME = "$(TARGET_NAME)";
			};
			name = Debug;
		};
		C4AEA5C11D4755BB0074EEF5 /* Release */ = {
			isa = XCBuildConfiguration;
			buildSettings = {
				ASSETCATALOG_COMPILER_APPICON_NAME = AppIcon;
				INFOPLIST_FILE = LsTableView/Info.plist;
				IPHONEOS_DEPLOYMENT_TARGET = 8.0;
				LD_RUNPATH_SEARCH_PATHS = "$(inherited) @executable_path/Frameworks";
				PRODUCT_BUNDLE_IDENTIFIER = com.gtq.LsTableView;
				PRODUCT_NAME = "$(TARGET_NAME)";
			};
			name = Release;
		};
		C4AEA5C31D4755BB0074EEF5 /* Debug */ = {
			isa = XCBuildConfiguration;
			buildSettings = {
				BUNDLE_LOADER = "$(TEST_HOST)";
				INFOPLIST_FILE = LsTableViewTests/Info.plist;
				LD_RUNPATH_SEARCH_PATHS = "$(inherited) @executable_path/Frameworks @loader_path/Frameworks";
				PRODUCT_BUNDLE_IDENTIFIER = com.gtq.LsTableViewTests;
				PRODUCT_NAME = "$(TARGET_NAME)";
				TEST_HOST = "$(BUILT_PRODUCTS_DIR)/LsTableView.app/LsTableView";
			};
			name = Debug;
		};
		C4AEA5C41D4755BB0074EEF5 /* Release */ = {
			isa = XCBuildConfiguration;
			buildSettings = {
				BUNDLE_LOADER = "$(TEST_HOST)";
				INFOPLIST_FILE = LsTableViewTests/Info.plist;
				LD_RUNPATH_SEARCH_PATHS = "$(inherited) @executable_path/Frameworks @loader_path/Frameworks";
				PRODUCT_BUNDLE_IDENTIFIER = com.gtq.LsTableViewTests;
				PRODUCT_NAME = "$(TARGET_NAME)";
				TEST_HOST = "$(BUILT_PRODUCTS_DIR)/LsTableView.app/LsTableView";
			};
			name = Release;
		};
		C4AEA5C61D4755BB0074EEF5 /* Debug */ = {
			isa = XCBuildConfiguration;
			buildSettings = {
				INFOPLIST_FILE = LsTableViewUITests/Info.plist;
				LD_RUNPATH_SEARCH_PATHS = "$(inherited) @executable_path/Frameworks @loader_path/Frameworks";
				PRODUCT_BUNDLE_IDENTIFIER = com.gtq.LsTableViewUITests;
				PRODUCT_NAME = "$(TARGET_NAME)";
				TEST_TARGET_NAME = LsTableView;
				USES_XCTRUNNER = YES;
			};
			name = Debug;
		};
		C4AEA5C71D4755BB0074EEF5 /* Release */ = {
			isa = XCBuildConfiguration;
			buildSettings = {
				INFOPLIST_FILE = LsTableViewUITests/Info.plist;
				LD_RUNPATH_SEARCH_PATHS = "$(inherited) @executable_path/Frameworks @loader_path/Frameworks";
				PRODUCT_BUNDLE_IDENTIFIER = com.gtq.LsTableViewUITests;
				PRODUCT_NAME = "$(TARGET_NAME)";
				TEST_TARGET_NAME = LsTableView;
				USES_XCTRUNNER = YES;
			};
			name = Release;
		};
/* End XCBuildConfiguration section */

/* Begin XCConfigurationList section */
		C4AEA58D1D4755BA0074EEF5 /* Build configuration list for PBXProject "LsTableView" */ = {
			isa = XCConfigurationList;
			buildConfigurations = (
				C4AEA5BD1D4755BB0074EEF5 /* Debug */,
				C4AEA5BE1D4755BB0074EEF5 /* Release */,
			);
			defaultConfigurationIsVisible = 0;
			defaultConfigurationName = Release;
		};
		C4AEA5BF1D4755BB0074EEF5 /* Build configuration list for PBXNativeTarget "LsTableView" */ = {
			isa = XCConfigurationList;
			buildConfigurations = (
				C4AEA5C01D4755BB0074EEF5 /* Debug */,
				C4AEA5C11D4755BB0074EEF5 /* Release */,
			);
			defaultConfigurationIsVisible = 0;
		};
		C4AEA5C21D4755BB0074EEF5 /* Build configuration list for PBXNativeTarget "LsTableViewTests" */ = {
			isa = XCConfigurationList;
			buildConfigurations = (
				C4AEA5C31D4755BB0074EEF5 /* Debug */,
				C4AEA5C41D4755BB0074EEF5 /* Release */,
			);
			defaultConfigurationIsVisible = 0;
		};
		C4AEA5C51D4755BB0074EEF5 /* Build configuration list for PBXNativeTarget "LsTableViewUITests" */ = {
			isa = XCConfigurationList;
			buildConfigurations = (
				C4AEA5C61D4755BB0074EEF5 /* Debug */,
				C4AEA5C71D4755BB0074EEF5 /* Release */,
			);
			defaultConfigurationIsVisible = 0;
		};
/* End XCConfigurationList section */
	};
	rootObject = C4AEA58A1D4755BA0074EEF5 /* Project object */;
}
